
Microsoft Visual Studio Solution File, Format Version 12.00
# Visual Studio 2013
VisualStudioVersion = 12.0.30723.0
MinimumVisualStudioVersion = 10.0.40219.1
Project("{FAE04EC0-301F-11D3-BF4B-00C04F79EFBC}") = "TrackMe.GMap", "TrackMe.GMap\TrackMe.GMap.csproj", "{95B2551F-14FF-41D9-925E-162CD4C66CFB}"
	ProjectSection(ProjectDependencies) = postProject
		{357FCC7B-ED71-4931-95BA-9423325DCDF6} = {357FCC7B-ED71-4931-95BA-9423325DCDF6}
	EndProjectSection
EndProject
Project("{FAE04EC0-301F-11D3-BF4B-00C04F79EFBC}") = "TrackMe.WCF", "TrackMe.WCF\TrackMe.WCF.csproj", "{357FCC7B-ED71-4931-95BA-9423325DCDF6}"
EndProject
Project("{FAE04EC0-301F-11D3-BF4B-00C04F79EFBC}") = "TrackMeClient", "TrackMeClient\TrackMeClient.csproj", "{7F416C69-A4DE-4219-9CCA-7080CA413A4B}"
	ProjectSection(ProjectDependencies) = postProject
		{357FCC7B-ED71-4931-95BA-9423325DCDF6} = {357FCC7B-ED71-4931-95BA-9423325DCDF6}
	EndProjectSection
EndProject
Global
	GlobalSection(SolutionConfigurationPlatforms) = preSolution
		Debug|Any CPU = Debug|Any CPU
		Release|Any CPU = Release|Any CPU
	EndGlobalSection
	GlobalSection(ProjectConfigurationPlatforms) = postSolution
		{95B2551F-14FF-41D9-925E-162CD4C66CFB}.Debug|Any CPU.ActiveCfg = Debug|Any CPU
		{95B2551F-14FF-41D9-925E-162CD4C66CFB}.Debug|Any CPU.Build.0 = Debug|Any CPU
		{95B2551F-14FF-41D9-925E-162CD4C66CFB}.Release|Any CPU.ActiveCfg = Release|Any CPU
		{95B2551F-14FF-41D9-925E-162CD4C66CFB}.Release|Any CPU.Build.0 = Release|Any CPU
		{357FCC7B-ED71-4931-95BA-9423325DCDF6}.Debug|Any CPU.ActiveCfg = Debug|Any CPU
		{357FCC7B-ED71-4931-95BA-9423325DCDF6}.Debug|Any CPU.Build.0 = Debug|Any CPU
		{357FCC7B-ED71-4931-95BA-9423325DCDF6}.Release|Any CPU.ActiveCfg = Release|Any CPU
		{357FCC7B-ED71-4931-95BA-9423325DCDF6}.Release|Any CPU.Build.0 = Release|Any CPU
		{7F416C69-A4DE-4219-9CCA-7080CA413A4B}.Debug|Any CPU.ActiveCfg = Debug|Any CPU
		{7F416C69-A4DE-4219-9CCA-7080CA413A4B}.Debug|Any CPU.Build.0 = Debug|Any CPU
		{7F416C69-A4DE-4219-9CCA-7080CA413A4B}.Release|Any CPU.ActiveCfg = Release|Any CPU
		{7F416C69-A4DE-4219-9CCA-7080CA413A4B}.Release|Any CPU.Build.0 = Release|Any CPU
	EndGlobalSection
	GlobalSection(SolutionProperties) = preSolution
		HideSolutionNode = FALSE
	EndGlobalSection
EndGlobal
